
Microsoft Visual Studio Solution File, Format Version 12.00
# Visual Studio Version 16
VisualStudioVersion = 16.0.29201.188
MinimumVisualStudioVersion = 10.0.40219.1
Project("{FAE04EC0-301F-11D3-BF4B-00C04F79EFBC}") = "ToDoApp.Android", "ToDoApp\ToDoApp.Android\ToDoApp.Android.csproj", "{0BCE402E-59F8-4DD1-97B3-F31C64123950}"
EndProject
Project("{FAE04EC0-301F-11D3-BF4B-00C04F79EFBC}") = "ToDoApp.iOS", "ToDoApp\ToDoApp.iOS\ToDoApp.iOS.csproj", "{BF077769-AFF6-4E3F-97BA-2D1EBD03A295}"
EndProject
Project("{FAE04EC0-301F-11D3-BF4B-00C04F79EFBC}") = "ToDoApp", "ToDoApp\ToDoApp\ToDoApp.csproj", "{99BE33FB-91ED-4298-8A44-EC18C2BE5E7B}"
EndProject
Global
	GlobalSection(SolutionConfigurationPlatforms) = preSolution
		Debug|Any CPU = Debug|Any CPU
		Debug|iPhone = Debug|iPhone
		Debug|iPhoneSimulator = Debug|iPhoneSimulator
		Release|Any CPU = Release|Any CPU
		Release|iPhone = Release|iPhone
		Release|iPhoneSimulator = Release|iPhoneSimulator
	EndGlobalSection
	GlobalSection(ProjectConfigurationPlatforms) = postSolution
		{0BCE402E-59F8-4DD1-97B3-F31C64123950}.Debug|Any CPU.ActiveCfg = Debug|Any CPU
		{0BCE402E-59F8-4DD1-97B3-F31C64123950}.Debug|Any CPU.Build.0 = Debug|Any CPU
		{0BCE402E-59F8-4DD1-97B3-F31C64123950}.Debug|Any CPU.Deploy.0 = Debug|Any CPU
		{0BCE402E-59F8-4DD1-97B3-F31C64123950}.Debug|iPhone.ActiveCfg = Debug|Any CPU
		{0BCE402E-59F8-4DD1-97B3-F31C64123950}.Debug|iPhone.Build.0 = Debug|Any CPU
		{0BCE402E-59F8-4DD1-97B3-F31C64123950}.Debug|iPhone.Deploy.0 = Debug|Any CPU
		{0BCE402E-59F8-4DD1-97B3-F31C64123950}.Debug|iPhoneSimulator.ActiveCfg = Debug|Any CPU
		{0BCE402E-59F8-4DD1-97B3-F31C64123950}.Debug|iPhoneSimulator.Build.0 = Debug|Any CPU
		{0BCE402E-59F8-4DD1-97B3-F31C64123950}.Debug|iPhoneSimulator.Deploy.0 = Debug|Any CPU
		{0BCE402E-59F8-4DD1-97B3-F31C64123950}.Release|Any CPU.ActiveCfg = Release|Any CPU
		{0BCE402E-59F8-4DD1-97B3-F31C64123950}.Release|Any CPU.Build.0 = Release|Any CPU
		{0BCE402E-59F8-4DD1-97B3-F31C64123950}.Release|Any CPU.Deploy.0 = Release|Any CPU
		{0BCE402E-59F8-4DD1-97B3-F31C64123950}.Release|iPhone.ActiveCfg = Release|Any CPU
		{0BCE402E-59F8-4DD1-97B3-F31C64123950}.Release|iPhone.Build.0 = Release|Any CPU
		{0BCE402E-59F8-4DD1-97B3-F31C64123950}.Release|iPhone.Deploy.0 = Release|Any CPU
		{0BCE402E-59F8-4DD1-97B3-F31C64123950}.Release|iPhoneSimulator.ActiveCfg = Release|Any CPU
		{0BCE402E-59F8-4DD1-97B3-F31C64123950}.Release|iPhoneSimulator.Build.0 = Release|Any CPU
		{0BCE402E-59F8-4DD1-97B3-F31C64123950}.Release|iPhoneSimulator.Deploy.0 = Release|Any CPU
		{BF077769-AFF6-4E3F-97BA-2D1EBD03A295}.Debug|Any CPU.ActiveCfg = Debug|iPhoneSimulator
		{BF077769-AFF6-4E3F-97BA-2D1EBD03A295}.Debug|Any CPU.Build.0 = Debug|iPhoneSimulator
		{BF077769-AFF6-4E3F-97BA-2D1EBD03A295}.Debug|Any CPU.Deploy.0 = Debug|iPhoneSimulator
		{BF077769-AFF6-4E3F-97BA-2D1EBD03A295}.Debug|iPhone.ActiveCfg = Debug|iPhone
		{BF077769-AFF6-4E3F-97BA-2D1EBD03A295}.Debug|iPhone.Build.0 = Debug|iPhone
		{BF077769-AFF6-4E3F-97BA-2D1EBD03A295}.Debug|iPhone.Deploy.0 = Debug|iPhone
		{BF077769-AFF6-4E3F-97BA-2D1EBD03A295}.Debug|iPhoneSimulator.ActiveCfg = Debug|iPhoneSimulator
		{BF077769-AFF6-4E3F-97BA-2D1EBD03A295}.Debug|iPhoneSimulator.Build.0 = Debug|iPhoneSimulator
		{BF077769-AFF6-4E3F-97BA-2D1EBD03A295}.Debug|iPhoneSimulator.Deploy.0 = Debug|iPhoneSimulator
		{BF077769-AFF6-4E3F-97BA-2D1EBD03A295}.Release|Any CPU.ActiveCfg = Release|iPhone
		{BF077769-AFF6-4E3F-97BA-2D1EBD03A295}.Release|Any CPU.Build.0 = Release|iPhone
		{BF077769-AFF6-4E3F-97BA-2D1EBD03A295}.Release|Any CPU.Deploy.0 = Release|iPhone
		{BF077769-AFF6-4E3F-97BA-2D1EBD03A295}.Release|iPhone.ActiveCfg = Release|iPhone
		{BF077769-AFF6-4E3F-97BA-2D1EBD03A295}.Release|iPhone.Build.0 = Release|iPhone
		{BF077769-AFF6-4E3F-97BA-2D1EBD03A295}.Release|iPhone.Deploy.0 = Release|iPhone
		{BF077769-AFF6-4E3F-97BA-2D1EBD03A295}.Release|iPhoneSimulator.ActiveCfg = Release|iPhoneSimulator
		{BF077769-AFF6-4E3F-97BA-2D1EBD03A295}.Release|iPhoneSimulator.Build.0 = Release|iPhoneSimulator
		{BF077769-AFF6-4E3F-97BA-2D1EBD03A295}.Release|iPhoneSimulator.Deploy.0 = Release|iPhoneSimulator
		{99BE33FB-91ED-4298-8A44-EC18C2BE5E7B}.Debug|Any CPU.ActiveCfg = Debug|Any CPU
		{99BE33FB-91ED-4298-8A44-EC18C2BE5E7B}.Debug|Any CPU.Build.0 = Debug|Any CPU
		{99BE33FB-91ED-4298-8A44-EC18C2BE5E7B}.Debug|Any CPU.Deploy.0 = Debug|Any CPU
		{99BE33FB-91ED-4298-8A44-EC18C2BE5E7B}.Debug|iPhone.ActiveCfg = Debug|Any CPU
		{99BE33FB-91ED-4298-8A44-EC18C2BE5E7B}.Debug|iPhone.Build.0 = Debug|Any CPU
		{99BE33FB-91ED-4298-8A44-EC18C2BE5E7B}.Debug|iPhone.Deploy.0 = Debug|Any CPU
		{99BE33FB-91ED-4298-8A44-EC18C2BE5E7B}.Debug|iPhoneSimulator.ActiveCfg = Debug|Any CPU
		{99BE33FB-91ED-4298-8A44-EC18C2BE5E7B}.Debug|iPhoneSimulator.Build.0 = Debug|Any CPU
		{99BE33FB-91ED-4298-8A44-EC18C2BE5E7B}.Debug|iPhoneSimulator.Deploy.0 = Debug|Any CPU
		{99BE33FB-91ED-4298-8A44-EC18C2BE5E7B}.Release|Any CPU.ActiveCfg = Release|Any CPU
		{99BE33FB-91ED-4298-8A44-EC18C2BE5E7B}.Release|Any CPU.Build.0 = Release|Any CPU
		{99BE33FB-91ED-4298-8A44-EC18C2BE5E7B}.Release|Any CPU.Deploy.0 = Release|Any CPU
		{99BE33FB-91ED-4298-8A44-EC18C2BE5E7B}.Release|iPhone.ActiveCfg = Release|Any CPU
		{99BE33FB-91ED-4298-8A44-EC18C2BE5E7B}.Release|iPhone.Build.0 = Release|Any CPU
		{99BE33FB-91ED-4298-8A44-EC18C2BE5E7B}.Release|iPhone.Deploy.0 = Release|Any CPU
		{99BE33FB-91ED-4298-8A44-EC18C2BE5E7B}.Release|iPhoneSimulator.ActiveCfg = Release|Any CPU
		{99BE33FB-91ED-4298-8A44-EC18C2BE5E7B}.Release|iPhoneSimulator.Build.0 = Release|Any CPU
		{99BE33FB-91ED-4298-8A44-EC18C2BE5E7B}.Release|iPhoneSimulator.Deploy.0 = Release|Any CPU
	EndGlobalSection
	GlobalSection(SolutionProperties) = preSolution
		HideSolutionNode = FALSE
	EndGlobalSection
	GlobalSection(ExtensibilityGlobals) = postSolution
		SolutionGuid = {AAA18ED4-5219-491A-89DD-E1E3BB8C39FA}
	EndGlobalSection
EndGlobal
